
Microsoft Visual Studio Solution File, Format Version 12.00
# Visual Studio Version 16
VisualStudioVersion = 16.0.31005.135
MinimumVisualStudioVersion = 10.0.40219.1
Project("{9A19103F-16F7-4668-BE54-9A1E7A4F7556}") = "DesignPatternComparisons", "DesignPatternComparisons\DesignPatternComparisons.csproj", "{0D0F6437-07F2-4DF7-8610-5CCAD51BFAFE}"
EndProject
Project("{FAE04EC0-301F-11D3-BF4B-00C04F79EFBC}") = "DesignPatternsTests", "DesignPatternsTests\DesignPatternsTests.csproj", "{35515C8D-629F-4789-ABC4-A5AD3125F81E}"
EndProject
Global
	GlobalSection(SolutionConfigurationPlatforms) = preSolution
		Debug|Any CPU = Debug|Any CPU
		Release|Any CPU = Release|Any CPU
	EndGlobalSection
	GlobalSection(ProjectConfigurationPlatforms) = postSolution
		{0D0F6437-07F2-4DF7-8610-5CCAD51BFAFE}.Debug|Any CPU.ActiveCfg = Debug|Any CPU
		{0D0F6437-07F2-4DF7-8610-5CCAD51BFAFE}.Debug|Any CPU.Build.0 = Debug|Any CPU
		{0D0F6437-07F2-4DF7-8610-5CCAD51BFAFE}.Release|Any CPU.ActiveCfg = Release|Any CPU
		{0D0F6437-07F2-4DF7-8610-5CCAD51BFAFE}.Release|Any CPU.Build.0 = Release|Any CPU
		{35515C8D-629F-4789-ABC4-A5AD3125F81E}.Debug|Any CPU.ActiveCfg = Debug|Any CPU
		{35515C8D-629F-4789-ABC4-A5AD3125F81E}.Debug|Any CPU.Build.0 = Debug|Any CPU
		{35515C8D-629F-4789-ABC4-A5AD3125F81E}.Release|Any CPU.ActiveCfg = Release|Any CPU
		{35515C8D-629F-4789-ABC4-A5AD3125F81E}.Release|Any CPU.Build.0 = Release|Any CPU
	EndGlobalSection
	GlobalSection(SolutionProperties) = preSolution
		HideSolutionNode = FALSE
	EndGlobalSection
	GlobalSection(ExtensibilityGlobals) = postSolution
		SolutionGuid = {AB662014-5D54-4BA8-93CA-F791792A9F49}
	EndGlobalSection
EndGlobal
